aiocoap==0.4.17
aiohappyeyeballs==2.7.1
aiohomekit==4.0.1
altgraph==0.17.5
async_interrupt==1.2.2
bleak==3.0.2
bleak-retry-connector==4.7.1
cffi==2.1.1
chacha20poly1305==0.0.3
chacha20poly1305-reuseable==0.13.2
cryptography==50.0.1
ifaddr==0.2.0
macholib==1.16.4
orjson==3.12.0
packaging==26.3
pycparser==3.0
pyinstaller==6.22.3
pyinstaller-hooks-contrib==2026.7
pyobjc-core==12.2.2
pyobjc-framework-Cocoa==12.2.2
pyobjc-framework-CoreBluetooth==12.2.2
pyobjc-framework-libdispatch==12.2.2
setuptools==84.0.0
zeroconf==0.151.3
